// !$*UTF8*$!
{
	archiveVersion = 1;
	classes = {
	};
	objectVersion = 56;
	objects = {

/* Begin PBXBuildFile section */
		8210319029098C1000B56CE3 /* ExploreHomeView.swift in Sources */ = {isa = PBXBuildFile; fileRef = 8210318F29098C1000B56CE3 /* ExploreHomeView.swift */; };
		8210319229098C3100B56CE3 /* VideoFeedView.swift in Sources */ = {isa = PBXBuildFile; fileRef = 8210319129098C3100B56CE3 /* VideoFeedView.swift */; };
		8210319429098E0000B56CE3 /* WorkoutView.swift in Sources */ = {isa = PBXBuildFile; fileRef = 8210319329098E0000B56CE3 /* WorkoutView.swift */; };
		82499124290929E000594FA3 /* NomadGymApp.swift in Sources */ = {isa = PBXBuildFile; fileRef = 82499123290929E000594FA3 /* NomadGymApp.swift */; };
		82499126290929E000594FA3 /* ContentView.swift in Sources */ = {isa = PBXBuildFile; fileRef = 82499125290929E000594FA3 /* ContentView.swift */; };
		82499128290929E100594FA3 /* Assets.xcassets in Resources */ = {isa = PBXBuildFile; fileRef = 82499127290929E100594FA3 /* Assets.xcassets */; };
		8249912B290929E100594FA3 /* Preview Assets.xcassets in Resources */ = {isa = PBXBuildFile; fileRef = 8249912A290929E100594FA3 /* Preview Assets.xcassets */; };
		8256071E29101069000098CA /* ExploreHorizontalCard.swift in Sources */ = {isa = PBXBuildFile; fileRef = 8256071D29101069000098CA /* ExploreHorizontalCard.swift */; };
		826214A7290AD45000B67E90 /* HeaderComponent.swift in Sources */ = {isa = PBXBuildFile; fileRef = 826214A6290AD45000B67E90 /* HeaderComponent.swift */; };
		826214AB290AD9EE00B67E90 /* Profile.jpeg in Resources */ = {isa = PBXBuildFile; fileRef = 826214AA290AD9EE00B67E90 /* Profile.jpeg */; };
		82AC1885290A5D18001811B6 /* Extensions.swift in Sources */ = {isa = PBXBuildFile; fileRef = 82AC1884290A5D18001811B6 /* Extensions.swift */; };
		82AC4733290BC26200EEA69B /* MoreNavigationView.swift in Sources */ = {isa = PBXBuildFile; fileRef = 82AC4732290BC26200EEA69B /* MoreNavigationView.swift */; };
		82C2668E29150C160096A278 /* MoreNavigationCard.swift in Sources */ = {isa = PBXBuildFile; fileRef = 82C2668D29150C160096A278 /* MoreNavigationCard.swift */; };
		82D70584291116FF009BAF91 /* SidebarRight.swift in Sources */ = {isa = PBXBuildFile; fileRef = 82D70583291116FF009BAF91 /* SidebarRight.swift */; };
		82D70587291119F2009BAF91 /* BottomNavigationComponent.swift in Sources */ = {isa = PBXBuildFile; fileRef = 82D70586291119F2009BAF91 /* BottomNavigationComponent.swift */; };
		82D7058A29115F1F009BAF91 /* ExploreVerticalCard.swift in Sources */ = {isa = PBXBuildFile; fileRef = 82D7058929115F1F009BAF91 /* ExploreVerticalCard.swift */; };
		82D7058C29115F61009BAF91 /* Video.swift in Sources */ = {isa = PBXBuildFile; fileRef = 82D7058B29115F61009BAF91 /* Video.swift */; };
		82D7058E29116049009BAF91 /* cbum.png in Resources */ = {isa = PBXBuildFile; fileRef = 82D7058D29116049009BAF91 /* cbum.png */; };
		82D70590291174FC009BAF91 /* Cbum_thumb.png in Resources */ = {isa = PBXBuildFile; fileRef = 82D7058F291174FC009BAF91 /* Cbum_thumb.png */; };
		82D7059229117577009BAF91 /* try.jpeg in Resources */ = {isa = PBXBuildFile; fileRef = 82D7059129117577009BAF91 /* try.jpeg */; };
		82D817692917EA0300DB52A6 /* Workout.swift in Sources */ = {isa = PBXBuildFile; fileRef = 82D817682917EA0300DB52A6 /* Workout.swift */; };
		82D8176B2917EA7900DB52A6 /* WorkoutListViewModel.swift in Sources */ = {isa = PBXBuildFile; fileRef = 82D8176A2917EA7900DB52A6 /* WorkoutListViewModel.swift */; };
		82D8176D2917ECC200DB52A6 /* HttpClient.swift in Sources */ = {isa = PBXBuildFile; fileRef = 82D8176C2917ECC200DB52A6 /* HttpClient.swift */; };
		82D8176F2917F42200DB52A6 /* Constants.swift in Sources */ = {isa = PBXBuildFile; fileRef = 82D8176E2917F42200DB52A6 /* Constants.swift */; };
		82D81771291809B200DB52A6 /* ModalType.swift in Sources */ = {isa = PBXBuildFile; fileRef = 82D81770291809B200DB52A6 /* ModalType.swift */; };
		82D8177329180A5F00DB52A6 /* AddUpdateWorkout.swift in Sources */ = {isa = PBXBuildFile; fileRef = 82D8177229180A5F00DB52A6 /* AddUpdateWorkout.swift */; };
		82D8177529180BC900DB52A6 /* AddUpdateWorkoutViewModel.swift in Sources */ = {isa = PBXBuildFile; fileRef = 82D8177429180BC900DB52A6 /* AddUpdateWorkoutViewModel.swift */; };
		82F981A229127E1300085D2A /* InfoSegment.swift in Sources */ = {isa = PBXBuildFile; fileRef = 82F981A129127E1300085D2A /* InfoSegment.swift */; };
		82F981A42912B45400085D2A /* InfoItem.swift in Sources */ = {isa = PBXBuildFile; fileRef = 82F981A32912B45300085D2A /* InfoItem.swift */; };
		82F981A62912B4EA00085D2A /* InfoView.swift in Sources */ = {isa = PBXBuildFile; fileRef = 82F981A52912B4EA00085D2A /* InfoView.swift */; };
/* End PBXBuildFile section */

/* Begin PBXFileReference section */
		8210318F29098C1000B56CE3 /* ExploreHomeView.swift */ = {isa = PBXFileReference; lastKnownFileType = sourcecode.swift; path = ExploreHomeView.swift; sourceTree = "<group>"; };
		8210319129098C3100B56CE3 /* VideoFeedView.swift */ = {isa = PBXFileReference; lastKnownFileType = sourcecode.swift; path = VideoFeedView.swift; sourceTree = "<group>"; };
		8210319329098E0000B56CE3 /* WorkoutView.swift */ = {isa = PBXFileReference; lastKnownFileType = sourcecode.swift; path = WorkoutView.swift; sourceTree = "<group>"; };
		82499120290929E000594FA3 /* NomadGym.app */ = {isa = PBXFileReference; explicitFileType = wrapper.application; includeInIndex = 0; path = NomadGym.app; sourceTree = BUILT_PRODUCTS_DIR; };
		82499123290929E000594FA3 /* NomadGymApp.swift */ = {isa = PBXFileReference; lastKnownFileType = sourcecode.swift; path = NomadGymApp.swift; sourceTree = "<group>"; };
		82499125290929E000594FA3 /* ContentView.swift */ = {isa = PBXFileReference; lastKnownFileType = sourcecode.swift; path = ContentView.swift; sourceTree = "<group>"; };
		82499127290929E100594FA3 /* Assets.xcassets */ = {isa = PBXFileReference; lastKnownFileType = folder.assetcatalog; path = Assets.xcassets; sourceTree = "<group>"; };
		8249912A290929E100594FA3 /* Preview Assets.xcassets */ = {isa = PBXFileReference; lastKnownFileType = folder.assetcatalog; path = "Preview Assets.xcassets"; sourceTree = "<group>"; };
		8256071D29101069000098CA /* ExploreHorizontalCard.swift */ = {isa = PBXFileReference; lastKnownFileType = sourcecode.swift; path = ExploreHorizontalCard.swift; sourceTree = "<group>"; };
		826214A6290AD45000B67E90 /* HeaderComponent.swift */ = {isa = PBXFileReference; lastKnownFileType = sourcecode.swift; path = HeaderComponent.swift; sourceTree = "<group>"; };
		826214AA290AD9EE00B67E90 /* Profile.jpeg */ = {isa = PBXFileReference; lastKnownFileType = image.jpeg; name = Profile.jpeg; path = ../../../../../../../../../Downloads/Profile.jpeg; sourceTree = "<group>"; };
		82AC1884290A5D18001811B6 /* Extensions.swift */ = {isa = PBXFileReference; lastKnownFileType = sourcecode.swift; path = Extensions.swift; sourceTree = "<group>"; };
		82AC4732290BC26200EEA69B /* MoreNavigationView.swift */ = {isa = PBXFileReference; lastKnownFileType = sourcecode.swift; path = MoreNavigationView.swift; sourceTree = "<group>"; };
		82C2668D29150C160096A278 /* MoreNavigationCard.swift */ = {isa = PBXFileReference; lastKnownFileType = sourcecode.swift; path = MoreNavigationCard.swift; sourceTree = "<group>"; };
		82D70583291116FF009BAF91 /* SidebarRight.swift */ = {isa = PBXFileReference; lastKnownFileType = sourcecode.swift; path = SidebarRight.swift; sourceTree = "<group>"; };
		82D70586291119F2009BAF91 /* BottomNavigationComponent.swift */ = {isa = PBXFileReference; lastKnownFileType = sourcecode.swift; path = BottomNavigationComponent.swift; sourceTree = "<group>"; };
		82D7058929115F1F009BAF91 /* ExploreVerticalCard.swift */ = {isa = PBXFileReference; lastKnownFileType = sourcecode.swift; path = ExploreVerticalCard.swift; sourceTree = "<group>"; };
		82D7058B29115F61009BAF91 /* Video.swift */ = {isa = PBXFileReference; lastKnownFileType = sourcecode.swift; path = Video.swift; sourceTree = "<group>"; };
		82D7058D29116049009BAF91 /* cbum.png */ = {isa = PBXFileReference; lastKnownFileType = image.png; name = cbum.png; path = ../../../../../../../../../Documents/cbum.png; sourceTree = "<group>"; };
		82D7058F291174FC009BAF91 /* Cbum_thumb.png */ = {isa = PBXFileReference; lastKnownFileType = image.png; name = Cbum_thumb.png; path = ../../../../../../../../../Documents/Cbum_thumb.png; sourceTree = "<group>"; };
		82D7059129117577009BAF91 /* try.jpeg */ = {isa = PBXFileReference; lastKnownFileType = image.jpeg; path = try.jpeg; sourceTree = "<group>"; };
		82D817682917EA0300DB52A6 /* Workout.swift */ = {isa = PBXFileReference; lastKnownFileType = sourcecode.swift; path = Workout.swift; sourceTree = "<group>"; };
		82D8176A2917EA7900DB52A6 /* WorkoutListViewModel.swift */ = {isa = PBXFileReference; lastKnownFileType = sourcecode.swift; path = WorkoutListViewModel.swift; sourceTree = "<group>"; };
		82D8176C2917ECC200DB52A6 /* HttpClient.swift */ = {isa = PBXFileReference; lastKnownFileType = sourcecode.swift; path = HttpClient.swift; sourceTree = "<group>"; };
		82D8176E2917F42200DB52A6 /* Constants.swift */ = {isa = PBXFileReference; lastKnownFileType = sourcecode.swift; path = Constants.swift; sourceTree = "<group>"; };
		82D81770291809B200DB52A6 /* ModalType.swift */ = {isa = PBXFileReference; lastKnownFileType = sourcecode.swift; path = ModalType.swift; sourceTree = "<group>"; };
		82D8177229180A5F00DB52A6 /* AddUpdateWorkout.swift */ = {isa = PBXFileReference; lastKnownFileType = sourcecode.swift; path = AddUpdateWorkout.swift; sourceTree = "<group>"; };
		82D8177429180BC900DB52A6 /* AddUpdateWorkoutViewModel.swift */ = {isa = PBXFileReference; lastKnownFileType = sourcecode.swift; path = AddUpdateWorkoutViewModel.swift; sourceTree = "<group>"; };
		82F981A129127E1300085D2A /* InfoSegment.swift */ = {isa = PBXFileReference; lastKnownFileType = sourcecode.swift; path = InfoSegment.swift; sourceTree = "<group>"; };
		82F981A32912B45300085D2A /* InfoItem.swift */ = {isa = PBXFileReference; lastKnownFileType = sourcecode.swift; path = InfoItem.swift; sourceTree = "<group>"; };
		82F981A52912B4EA00085D2A /* InfoView.swift */ = {isa = PBXFileReference; lastKnownFileType = sourcecode.swift; path = InfoView.swift; sourceTree = "<group>"; };
/* End PBXFileReference section */

/* Begin PBXFrameworksBuildPhase section */
		8249911D290929E000594FA3 /* Frameworks */ = {
			isa = PBXFrameworksBuildPhase;
			buildActionMask = 2147483647;
			files = (
			);
			runOnlyForDeploymentPostprocessing = 0;
		};
/* End PBXFrameworksBuildPhase section */

/* Begin PBXGroup section */
		8210316D29098A0100B56CE3 /* Components */ = {
			isa = PBXGroup;
			children = (
				82D7058829115EA0009BAF91 /* Explore */,
				82D70582291116E7009BAF91 /* Navigation */,
				826214A6290AD45000B67E90 /* HeaderComponent.swift */,
			);
			path = Components;
			sourceTree = "<group>";
		};
		8210316E29098A9000B56CE3 /* Views */ = {
			isa = PBXGroup;
			children = (
				8210318F29098C1000B56CE3 /* ExploreHomeView.swift */,
				8210319129098C3100B56CE3 /* VideoFeedView.swift */,
				8210319329098E0000B56CE3 /* WorkoutView.swift */,
				82AC4732290BC26200EEA69B /* MoreNavigationView.swift */,
				82F981A52912B4EA00085D2A /* InfoView.swift */,
				82D8177229180A5F00DB52A6 /* AddUpdateWorkout.swift */,
			);
			path = Views;
			sourceTree = "<group>";
		};
		82499117290929E000594FA3 = {
			isa = PBXGroup;
			children = (
				82499122290929E000594FA3 /* NomadGym */,
				82499121290929E000594FA3 /* Products */,
			);
			sourceTree = "<group>";
		};
		82499121290929E000594FA3 /* Products */ = {
			isa = PBXGroup;
			children = (
				82499120290929E000594FA3 /* NomadGym.app */,
			);
			name = Products;
			sourceTree = "<group>";
		};
		82499122290929E000594FA3 /* NomadGym */ = {
			isa = PBXGroup;
			children = (
				8256071F29102537000098CA /* Models */,
				8210316E29098A9000B56CE3 /* Views */,
				82D817672917E9A200DB52A6 /* View Models */,
				826214A8290AD9A000B67E90 /* Utilities */,
				82AC1883290A5D01001811B6 /* Extensions */,
				8210316D29098A0100B56CE3 /* Components */,
				82499123290929E000594FA3 /* NomadGymApp.swift */,
				82499125290929E000594FA3 /* ContentView.swift */,
				82499127290929E100594FA3 /* Assets.xcassets */,
				82499129290929E100594FA3 /* Preview Content */,
			);
			path = NomadGym;
			sourceTree = "<group>";
		};
		82499129290929E100594FA3 /* Preview Content */ = {
			isa = PBXGroup;
			children = (
				8249912A290929E100594FA3 /* Preview Assets.xcassets */,
			);
			path = "Preview Content";
			sourceTree = "<group>";
		};
		8256071F29102537000098CA /* Models */ = {
			isa = PBXGroup;
			children = (
				82D7058B29115F61009BAF91 /* Video.swift */,
				82D817682917EA0300DB52A6 /* Workout.swift */,
			);
			path = Models;
			sourceTree = "<group>";
		};
		826214A8290AD9A000B67E90 /* Utilities */ = {
			isa = PBXGroup;
			children = (
				826214A9290AD9A600B67E90 /* Images */,
				82D8176E2917F42200DB52A6 /* Constants.swift */,
				82D81770291809B200DB52A6 /* ModalType.swift */,
			);
			path = Utilities;
			sourceTree = "<group>";
		};
		826214A9290AD9A600B67E90 /* Images */ = {
			isa = PBXGroup;
			children = (
				82D7059129117577009BAF91 /* try.jpeg */,
				82D7058F291174FC009BAF91 /* Cbum_thumb.png */,
				82D7058D29116049009BAF91 /* cbum.png */,
				826214AA290AD9EE00B67E90 /* Profile.jpeg */,
			);
			path = Images;
			sourceTree = "<group>";
		};
		82AC1883290A5D01001811B6 /* Extensions */ = {
			isa = PBXGroup;
			children = (
				82AC1884290A5D18001811B6 /* Extensions.swift */,
			);
			path = Extensions;
			sourceTree = "<group>";
		};
		82D70582291116E7009BAF91 /* Navigation */ = {
			isa = PBXGroup;
			children = (
				82D70583291116FF009BAF91 /* SidebarRight.swift */,
				82D70586291119F2009BAF91 /* BottomNavigationComponent.swift */,
				82C2668D29150C160096A278 /* MoreNavigationCard.swift */,
			);
			path = Navigation;
			sourceTree = "<group>";
		};
		82D7058829115EA0009BAF91 /* Explore */ = {
			isa = PBXGroup;
			children = (
				8256071D29101069000098CA /* ExploreHorizontalCard.swift */,
				82D7058929115F1F009BAF91 /* ExploreVerticalCard.swift */,
				82F981A129127E1300085D2A /* InfoSegment.swift */,
				82F981A32912B45300085D2A /* InfoItem.swift */,
			);
			path = Explore;
			sourceTree = "<group>";
		};
		82D817672917E9A200DB52A6 /* View Models */ = {
			isa = PBXGroup;
			children = (
				82D8176A2917EA7900DB52A6 /* WorkoutListViewModel.swift */,
				82D8176C2917ECC200DB52A6 /* HttpClient.swift */,
				82D8177429180BC900DB52A6 /* AddUpdateWorkoutViewModel.swift */,
			);
			path = "View Models";
			sourceTree = "<group>";
		};
/* End PBXGroup section */

/* Begin PBXNativeTarget section */
		8249911F290929E000594FA3 /* NomadGym */ = {
			isa = PBXNativeTarget;
			buildConfigurationList = 8249912E290929E100594FA3 /* Build configuration list for PBXNativeTarget "NomadGym" */;
			buildPhases = (
				8249911C290929E000594FA3 /* Sources */,
				8249911D290929E000594FA3 /* Frameworks */,
				8249911E290929E000594FA3 /* Resources */,
			);
			buildRules = (
			);
			dependencies = (
			);
			name = NomadGym;
			productName = NomadGym;
			productReference = 82499120290929E000594FA3 /* NomadGym.app */;
			productType = "com.apple.product-type.application";
		};
/* End PBXNativeTarget section */

/* Begin PBXProject section */
		82499118290929E000594FA3 /* Project object */ = {
			isa = PBXProject;
			attributes = {
				BuildIndependentTargetsInParallel = 1;
				LastSwiftUpdateCheck = 1400;
				LastUpgradeCheck = 1400;
				TargetAttributes = {
					8249911F290929E000594FA3 = {
						CreatedOnToolsVersion = 14.0.1;
					};
				};
			};
			buildConfigurationList = 8249911B290929E000594FA3 /* Build configuration list for PBXProject "NomadGym" */;
			compatibilityVersion = "Xcode 14.0";
			developmentRegion = en;
			hasScannedForEncodings = 0;
			knownRegions = (
				en,
				Base,
			);
			mainGroup = 82499117290929E000594FA3;
			packageReferences = (
				82D7058529111861009BAF91 /* XCRemoteSwiftPackageReference "rive-ios" */,
			);
			productRefGroup = 82499121290929E000594FA3 /* Products */;
			projectDirPath = "";
			projectRoot = "";
			targets = (
				8249911F290929E000594FA3 /* NomadGym */,
			);
		};
/* End PBXProject section */

/* Begin PBXResourcesBuildPhase section */
		8249911E290929E000594FA3 /* Resources */ = {
			isa = PBXResourcesBuildPhase;
			buildActionMask = 2147483647;
			files = (
				82D70590291174FC009BAF91 /* Cbum_thumb.png in Resources */,
				8249912B290929E100594FA3 /* Preview Assets.xcassets in Resources */,
				82499128290929E100594FA3 /* Assets.xcassets in Resources */,
				82D7058E29116049009BAF91 /* cbum.png in Resources */,
				826214AB290AD9EE00B67E90 /* Profile.jpeg in Resources */,
				82D7059229117577009BAF91 /* try.jpeg in Resources */,
			);
			runOnlyForDeploymentPostprocessing = 0;
		};
/* End PBXResourcesBuildPhase section */

/* Begin PBXSourcesBuildPhase section */
		8249911C290929E000594FA3 /* Sources */ = {
			isa = PBXSourcesBuildPhase;
			buildActionMask = 2147483647;
			files = (
				82F981A62912B4EA00085D2A /* InfoView.swift in Sources */,
				8210319229098C3100B56CE3 /* VideoFeedView.swift in Sources */,
				82AC4733290BC26200EEA69B /* MoreNavigationView.swift in Sources */,
				82AC1885290A5D18001811B6 /* Extensions.swift in Sources */,
				826214A7290AD45000B67E90 /* HeaderComponent.swift in Sources */,
				82D817692917EA0300DB52A6 /* Workout.swift in Sources */,
				82D70587291119F2009BAF91 /* BottomNavigationComponent.swift in Sources */,
				82D81771291809B200DB52A6 /* ModalType.swift in Sources */,
				8256071E29101069000098CA /* ExploreHorizontalCard.swift in Sources */,
				82D8177329180A5F00DB52A6 /* AddUpdateWorkout.swift in Sources */,
				82D70584291116FF009BAF91 /* SidebarRight.swift in Sources */,
				82F981A229127E1300085D2A /* InfoSegment.swift in Sources */,
				82D8176D2917ECC200DB52A6 /* HttpClient.swift in Sources */,
				82D8176F2917F42200DB52A6 /* Constants.swift in Sources */,
				82499126290929E000594FA3 /* ContentView.swift in Sources */,
				8210319029098C1000B56CE3 /* ExploreHomeView.swift in Sources */,
				82D7058C29115F61009BAF91 /* Video.swift in Sources */,
				82F981A42912B45400085D2A /* InfoItem.swift in Sources */,
				82499124290929E000594FA3 /* NomadGymApp.swift in Sources */,
				8210319429098E0000B56CE3 /* WorkoutView.swift in Sources */,
				82D7058A29115F1F009BAF91 /* ExploreVerticalCard.swift in Sources */,
				82C2668E29150C160096A278 /* MoreNavigationCard.swift in Sources */,
				82D8177529180BC900DB52A6 /* AddUpdateWorkoutViewModel.swift in Sources */,
				82D8176B2917EA7900DB52A6 /* WorkoutListViewModel.swift in Sources */,
			);
			runOnlyForDeploymentPostprocessing = 0;
		};
/* End PBXSourcesBuildPhase section */

/* Begin XCBuildConfiguration section */
		8249912C290929E100594FA3 /* Debug */ = {
			isa = XCBuildConfiguration;
			buildSettings = {
				ALWAYS_SEARCH_USER_PATHS = NO;
				CLANG_ANALYZER_NONNULL = YES;
				CLANG_ANALYZER_NUMBER_OBJECT_CONVERSION = YES_AGGRESSIVE;
				CLANG_CXX_LANGUAGE_STANDARD = "gnu++20";
				CLANG_ENABLE_MODULES = YES;
				CLANG_ENABLE_OBJC_ARC = YES;
				CLANG_ENABLE_OBJC_WEAK = YES;
				CLANG_WARN_BLOCK_CAPTURE_AUTORELEASING = YES;
				CLANG_WARN_BOOL_CONVERSION = YES;
				CLANG_WARN_COMMA = YES;
				CLANG_WARN_CONSTANT_CONVERSION = YES;
				CLANG_WARN_DEPRECATED_OBJC_IMPLEMENTATIONS = YES;
				CLANG_WARN_DIRECT_OBJC_ISA_USAGE = YES_ERROR;
				CLANG_WARN_DOCUMENTATION_COMMENTS = YES;
				CLANG_WARN_EMPTY_BODY = YES;
				CLANG_WARN_ENUM_CONVERSION = YES;
				CLANG_WARN_INFINITE_RECURSION = YES;
				CLANG_WARN_INT_CONVERSION = YES;
				CLANG_WARN_NON_LITERAL_NULL_CONVERSION = YES;
				CLANG_WARN_OBJC_IMPLICIT_RETAIN_SELF = YES;
				CLANG_WARN_OBJC_LITERAL_CONVERSION = YES;
				CLANG_WARN_OBJC_ROOT_CLASS = YES_ERROR;
				CLANG_WARN_QUOTED_INCLUDE_IN_FRAMEWORK_HEADER = YES;
				CLANG_WARN_RANGE_LOOP_ANALYSIS = YES;
				CLANG_WARN_STRICT_PROTOTYPES = YES;
				CLANG_WARN_SUSPICIOUS_MOVE = YES;
				CLANG_WARN_UNGUARDED_AVAILABILITY = YES_AGGRESSIVE;
				CLANG_WARN_UNREACHABLE_CODE = YES;
				CLANG_WARN__DUPLICATE_METHOD_MATCH = YES;
				COPY_PHASE_STRIP = NO;
				DEBUG_INFORMATION_FORMAT = dwarf;
				ENABLE_STRICT_OBJC_MSGSEND = YES;
				ENABLE_TESTABILITY = YES;
				GCC_C_LANGUAGE_STANDARD = gnu11;
				GCC_DYNAMIC_NO_PIC = NO;
				GCC_NO_COMMON_BLOCKS = YES;
				GCC_OPTIMIZATION_LEVEL = 0;
				GCC_PREPROCESSOR_DEFINITIONS = (
					"DEBUG=1",
					"$(inherited)",
				);
				GCC_WARN_64_TO_32_BIT_CONVERSION = YES;
				GCC_WARN_ABOUT_RETURN_TYPE = YES_ERROR;
				GCC_WARN_UNDECLARED_SELECTOR = YES;
				GCC_WARN_UNINITIALIZED_AUTOS = YES_AGGRESSIVE;
				GCC_WARN_UNUSED_FUNCTION = YES;
				GCC_WARN_UNUSED_VARIABLE = YES;
				IPHONEOS_DEPLOYMENT_TARGET = 16.0;
				MTL_ENABLE_DEBUG_INFO = INCLUDE_SOURCE;
				MTL_FAST_MATH = YES;
				ONLY_ACTIVE_ARCH = YES;
				SDKROOT = iphoneos;
				SWIFT_ACTIVE_COMPILATION_CONDITIONS = DEBUG;
				SWIFT_OPTIMIZATION_LEVEL = "-Onone";
			};
			name = Debug;
		};
		8249912D290929E100594FA3 /* Release */ = {
			isa = XCBuildConfiguration;
			buildSettings = {
				ALWAYS_SEARCH_USER_PATHS = NO;
				CLANG_ANALYZER_NONNULL = YES;
				CLANG_ANALYZER_NUMBER_OBJECT_CONVERSION = YES_AGGRESSIVE;
				CLANG_CXX_LANGUAGE_STANDARD = "gnu++20";
				CLANG_ENABLE_MODULES = YES;
				CLANG_ENABLE_OBJC_ARC = YES;
				CLANG_ENABLE_OBJC_WEAK = YES;
				CLANG_WARN_BLOCK_CAPTURE_AUTORELEASING = YES;
				CLANG_WARN_BOOL_CONVERSION = YES;
				CLANG_WARN_COMMA = YES;
				CLANG_WARN_CONSTANT_CONVERSION = YES;
				CLANG_WARN_DEPRECATED_OBJC_IMPLEMENTATIONS = YES;
				CLANG_WARN_DIRECT_OBJC_ISA_USAGE = YES_ERROR;
				CLANG_WARN_DOCUMENTATION_COMMENTS = YES;
				CLANG_WARN_EMPTY_BODY = YES;
				CLANG_WARN_ENUM_CONVERSION = YES;
				CLANG_WARN_INFINITE_RECURSION = YES;
				CLANG_WARN_INT_CONVERSION = YES;
				CLANG_WARN_NON_LITERAL_NULL_CONVERSION = YES;
				CLANG_WARN_OBJC_IMPLICIT_RETAIN_SELF = YES;
				CLANG_WARN_OBJC_LITERAL_CONVERSION = YES;
				CLANG_WARN_OBJC_ROOT_CLASS = YES_ERROR;
				CLANG_WARN_QUOTED_INCLUDE_IN_FRAMEWORK_HEADER = YES;
				CLANG_WARN_RANGE_LOOP_ANALYSIS = YES;
				CLANG_WARN_STRICT_PROTOTYPES = YES;
				CLANG_WARN_SUSPICIOUS_MOVE = YES;
				CLANG_WARN_UNGUARDED_AVAILABILITY = YES_AGGRESSIVE;
				CLANG_WARN_UNREACHABLE_CODE = YES;
				CLANG_WARN__DUPLICATE_METHOD_MATCH = YES;
				COPY_PHASE_STRIP = NO;
				DEBUG_INFORMATION_FORMAT = "dwarf-with-dsym";
				ENABLE_NS_ASSERTIONS = NO;
				ENABLE_STRICT_OBJC_MSGSEND = YES;
				GCC_C_LANGUAGE_STANDARD = gnu11;
				GCC_NO_COMMON_BLOCKS = YES;
				GCC_WARN_64_TO_32_BIT_CONVERSION = YES;
				GCC_WARN_ABOUT_RETURN_TYPE = YES_ERROR;
				GCC_WARN_UNDECLARED_SELECTOR = YES;
				GCC_WARN_UNINITIALIZED_AUTOS = YES_AGGRESSIVE;
				GCC_WARN_UNUSED_FUNCTION = YES;
				GCC_WARN_UNUSED_VARIABLE = YES;
				IPHONEOS_DEPLOYMENT_TARGET = 16.0;
				MTL_ENABLE_DEBUG_INFO = NO;
				MTL_FAST_MATH = YES;
				SDKROOT = iphoneos;
				SWIFT_COMPILATION_MODE = wholemodule;
				SWIFT_OPTIMIZATION_LEVEL = "-O";
				VALIDATE_PRODUCT = YES;
			};
			name = Release;
		};
		8249912F290929E100594FA3 /* Debug */ = {
			isa = XCBuildConfiguration;
			buildSettings = {
				ASSETCATALOG_COMPILER_APPICON_NAME = AppIcon;
				ASSETCATALOG_COMPILER_GLOBAL_ACCENT_COLOR_NAME = AccentColor;
				CODE_SIGN_STYLE = Automatic;
				CURRENT_PROJECT_VERSION = 1;
				DEVELOPMENT_ASSET_PATHS = "\"NomadGym/Preview Content\"";
				DEVELOPMENT_TEAM = K3WQRH7ZG9;
				ENABLE_PREVIEWS = YES;
				GENERATE_INFOPLIST_FILE = YES;
				INFOPLIST_KEY_UIApplicationSceneManifest_Generation = YES;
				INFOPLIST_KEY_UIApplicationSupportsIndirectInputEvents = YES;
				INFOPLIST_KEY_UILaunchScreen_Generation = YES;
				INFOPLIST_KEY_UISupportedInterfaceOrientations_iPad = "UIInterfaceOrientationPortrait UIInterfaceOrientationPortraitUpsideDown UIInterfaceOrientationLandscapeLeft UIInterfaceOrientationLandscapeRight";
				INFOPLIST_KEY_UISupportedInterfaceOrientations_iPhone = "UIInterfaceOrientationPortrait UIInterfaceOrientationLandscapeLeft UIInterfaceOrientationLandscapeRight";
				LD_RUNPATH_SEARCH_PATHS = (
					"$(inherited)",
					"@executable_path/Frameworks",
				);
				MARKETING_VERSION = 1.0;
				PRODUCT_BUNDLE_IDENTIFIER = be.hogent.student.deletter.damon.NomadGym;
				PRODUCT_NAME = "$(TARGET_NAME)";
				SWIFT_EMIT_LOC_STRINGS = YES;
				SWIFT_VERSION = 5.0;
				TARGETED_DEVICE_FAMILY = "1,2";
			};
			name = Debug;
		};
		82499130290929E100594FA3 /* Release */ = {
			isa = XCBuildConfiguration;
			buildSettings = {
				ASSETCATALOG_COMPILER_APPICON_NAME = AppIcon;
				ASSETCATALOG_COMPILER_GLOBAL_ACCENT_COLOR_NAME = AccentColor;
				CODE_SIGN_STYLE = Automatic;
				CURRENT_PROJECT_VERSION = 1;
				DEVELOPMENT_ASSET_PATHS = "\"NomadGym/Preview Content\"";
				DEVELOPMENT_TEAM = K3WQRH7ZG9;
				ENABLE_PREVIEWS = YES;
				GENERATE_INFOPLIST_FILE = YES;
				INFOPLIST_KEY_UIApplicationSceneManifest_Generation = YES;
				INFOPLIST_KEY_UIApplicationSupportsIndirectInputEvents = YES;
				INFOPLIST_KEY_UILaunchScreen_Generation = YES;
				INFOPLIST_KEY_UISupportedInterfaceOrientations_iPad = "UIInterfaceOrientationPortrait UIInterfaceOrientationPortraitUpsideDown UIInterfaceOrientationLandscapeLeft UIInterfaceOrientationLandscapeRight";
				INFOPLIST_KEY_UISupportedInterfaceOrientations_iPhone = "UIInterfaceOrientationPortrait UIInterfaceOrientationLandscapeLeft UIInterfaceOrientationLandscapeRight";
				LD_RUNPATH_SEARCH_PATHS = (
					"$(inherited)",
					"@executable_path/Frameworks",
				);
				MARKETING_VERSION = 1.0;
				PRODUCT_BUNDLE_IDENTIFIER = be.hogent.student.deletter.damon.NomadGym;
				PRODUCT_NAME = "$(TARGET_NAME)";
				SWIFT_EMIT_LOC_STRINGS = YES;
				SWIFT_VERSION = 5.0;
				TARGETED_DEVICE_FAMILY = "1,2";
			};
			name = Release;
		};
/* End XCBuildConfiguration section */

/* Begin XCConfigurationList section */
		8249911B290929E000594FA3 /* Build configuration list for PBXProject "NomadGym" */ = {
			isa = XCConfigurationList;
			buildConfigurations = (
				8249912C290929E100594FA3 /* Debug */,
				8249912D290929E100594FA3 /* Release */,
			);
			defaultConfigurationIsVisible = 0;
			defaultConfigurationName = Release;
		};
		8249912E290929E100594FA3 /* Build configuration list for PBXNativeTarget "NomadGym" */ = {
			isa = XCConfigurationList;
			buildConfigurations = (
				8249912F290929E100594FA3 /* Debug */,
				82499130290929E100594FA3 /* Release */,
			);
			defaultConfigurationIsVisible = 0;
			defaultConfigurationName = Release;
		};
/* End XCConfigurationList section */

/* Begin XCRemoteSwiftPackageReference section */
		82D7058529111861009BAF91 /* XCRemoteSwiftPackageReference "rive-ios" */ = {
			isa = XCRemoteSwiftPackageReference;
			repositoryURL = "https://github.com/rive-app/rive-ios";
			requirement = {
				kind = upToNextMajorVersion;
				minimumVersion = 3.0.0;
			};
		};
/* End XCRemoteSwiftPackageReference section */
	};
	rootObject = 82499118290929E000594FA3 /* Project object */;
}
